// !$*UTF8*$!
{
	archiveVersion = 1;
	classes = {
	};
	objectVersion = 46;
	objects = {

/* Begin PBXBuildFile section */
		9A73205519E87299006E8B0C /* main.m in Sources */ = {isa = PBXBuildFile; fileRef = 9A73205419E87299006E8B0C /* main.m */; };
		9A73205819E87299006E8B0C /* AppDelegate.m in Sources */ = {isa = PBXBuildFile; fileRef = 9A73205719E87299006E8B0C /* AppDelegate.m */; };
		9A73206019E87299006E8B0C /* Images.xcassets in Resources */ = {isa = PBXBuildFile; fileRef = 9A73205F19E87299006E8B0C /* Images.xcassets */; };
		9AA4BB4B19E894C700CC45C8 /* NotificationCenter.framework in Frameworks */ = {isa = PBXBuildFile; fileRef = 9AA4BB4A19E894C700CC45C8 /* NotificationCenter.framework */; };
		9AA4BB5119E894C700CC45C8 /* TodayViewController.m in Sources */ = {isa = PBXBuildFile; fileRef = 9AA4BB5019E894C700CC45C8 /* TodayViewController.m */; };
		9AA4BB5619E894C700CC45C8 /* GeoTappyToday.appex in Embed App Extensions */ = {isa = PBXBuildFile; fileRef = 9AA4BB4919E894C600CC45C8 /* GeoTappyToday.appex */; settings = {ATTRIBUTES = (RemoveHeadersOnCopy, ); }; };
		9AA4BB5E19E8958000CC45C8 /* MainInterface.storyboard in Resources */ = {isa = PBXBuildFile; fileRef = 9AA4BB5D19E8958000CC45C8 /* MainInterface.storyboard */; };
		9AA4BB6019E8969E00CC45C8 /* Images.xcassets in Resources */ = {isa = PBXBuildFile; fileRef = 9AA4BB5F19E8969E00CC45C8 /* Images.xcassets */; };
		9AA4BB6419E8A14700CC45C8 /* SplashViewController.m in Sources */ = {isa = PBXBuildFile; fileRef = 9AA4BB6319E8A14700CC45C8 /* SplashViewController.m */; };
		9AA4BB6819E8A18800CC45C8 /* API.m in Sources */ = {isa = PBXBuildFile; fileRef = 9AA4BB6719E8A18800CC45C8 /* API.m */; };
		9AA4BB6B19E8A3BB00CC45C8 /* ProfileView.m in Sources */ = {isa = PBXBuildFile; fileRef = 9AA4BB6A19E8A3BB00CC45C8 /* ProfileView.m */; };
		9AA4BB6E19E8ACB200CC45C8 /* HorizontalScroller.m in Sources */ = {isa = PBXBuildFile; fileRef = 9AA4BB6D19E8ACB200CC45C8 /* HorizontalScroller.m */; };
		9AA4BB7219E8B44400CC45C8 /* User.m in Sources */ = {isa = PBXBuildFile; fileRef = 9AA4BB7119E8B44400CC45C8 /* User.m */; };
		9AA4BB7519E8B4D100CC45C8 /* MainViewController.m in Sources */ = {isa = PBXBuildFile; fileRef = 9AA4BB7419E8B4D100CC45C8 /* MainViewController.m */; };
		9AA4BB7919E8B57900CC45C8 /* UserDefaults.m in Sources */ = {isa = PBXBuildFile; fileRef = 9AA4BB7819E8B57900CC45C8 /* UserDefaults.m */; };
		9AA4BB7A19E915BA00CC45C8 /* UserDefaults.m in Sources */ = {isa = PBXBuildFile; fileRef = 9AA4BB7819E8B57900CC45C8 /* UserDefaults.m */; };
		9AA4BB7B19E915C000CC45C8 /* User.m in Sources */ = {isa = PBXBuildFile; fileRef = 9AA4BB7119E8B44400CC45C8 /* User.m */; };
		C79789E5387642FBA3CD3774 /* libPods.a in Frameworks */ = {isa = PBXBuildFile; fileRef = 22201F5EB057418A8E6A8508 /* libPods.a */; };
/* End PBXBuildFile section */

/* Begin PBXContainerItemProxy section */
		9AA4BB5419E894C700CC45C8 /* PBXContainerItemProxy */ = {
			isa = PBXContainerItemProxy;
			containerPortal = 9A73204719E87299006E8B0C /* Project object */;
			proxyType = 1;
			remoteGlobalIDString = 9AA4BB4819E894C600CC45C8;
			remoteInfo = GeoTappyToday;
		};
		9AA4BB5719E894C700CC45C8 /* PBXContainerItemProxy */ = {
			isa = PBXContainerItemProxy;
			containerPortal = 9A73204719E87299006E8B0C /* Project object */;
			proxyType = 1;
			remoteGlobalIDString = 9AA4BB4819E894C600CC45C8;
			remoteInfo = GeoTappyToday;
		};
/* End PBXContainerItemProxy section */

/* Begin PBXCopyFilesBuildPhase section */
		9AA4BB5C19E894C700CC45C8 /* Embed App Extensions */ = {
			isa = PBXCopyFilesBuildPhase;
			buildActionMask = 2147483647;
			dstPath = "";
			dstSubfolderSpec = 13;
			files = (
				9AA4BB5619E894C700CC45C8 /* GeoTappyToday.appex in Embed App Extensions */,
			);
			name = "Embed App Extensions";
			runOnlyForDeploymentPostprocessing = 0;
		};
/* End PBXCopyFilesBuildPhase section */

/* Begin PBXFileReference section */
		22201F5EB057418A8E6A8508 /* libPods.a */ = {isa = PBXFileReference; explicitFileType = archive.ar; includeInIndex = 0; path = libPods.a; sourceTree = BUILT_PRODUCTS_DIR; };
		9A73204F19E87299006E8B0C /* GeoTappy.app */ = {isa = PBXFileReference; explicitFileType = wrapper.application; includeInIndex = 0; path = GeoTappy.app; sourceTree = BUILT_PRODUCTS_DIR; };
		9A73205319E87299006E8B0C /* Info.plist */ = {isa = PBXFileReference; lastKnownFileType = text.plist.xml; path = Info.plist; sourceTree = "<group>"; };
		9A73205419E87299006E8B0C /* main.m */ = {isa = PBXFileReference; lastKnownFileType = sourcecode.c.objc; path = main.m; sourceTree = "<group>"; };
		9A73205619E87299006E8B0C /* AppDelegate.h */ = {isa = PBXFileReference; lastKnownFileType = sourcecode.c.h; path = AppDelegate.h; sourceTree = "<group>"; };
		9A73205719E87299006E8B0C /* AppDelegate.m */ = {isa = PBXFileReference; lastKnownFileType = sourcecode.c.objc; path = AppDelegate.m; sourceTree = "<group>"; };
		9A73205F19E87299006E8B0C /* Images.xcassets */ = {isa = PBXFileReference; lastKnownFileType = folder.assetcatalog; path = Images.xcassets; sourceTree = "<group>"; };
		9AA4BB4419E8891100CC45C8 /* GeoTappy-Prefix.pch */ = {isa = PBXFileReference; lastKnownFileType = sourcecode.c.h; path = "GeoTappy-Prefix.pch"; sourceTree = "<group>"; };
		9AA4BB4919E894C600CC45C8 /* GeoTappyToday.appex */ = {isa = PBXFileReference; explicitFileType = "wrapper.app-extension"; includeInIndex = 0; path = GeoTappyToday.appex; sourceTree = BUILT_PRODUCTS_DIR; };
		9AA4BB4A19E894C700CC45C8 /* NotificationCenter.framework */ = {isa = PBXFileReference; lastKnownFileType = wrapper.framework; name = NotificationCenter.framework; path = System/Library/Frameworks/NotificationCenter.framework; sourceTree = SDKROOT; };
		9AA4BB4E19E894C700CC45C8 /* Info.plist */ = {isa = PBXFileReference; lastKnownFileType = text.plist.xml; path = Info.plist; sourceTree = "<group>"; };
		9AA4BB4F19E894C700CC45C8 /* TodayViewController.h */ = {isa = PBXFileReference; lastKnownFileType = sourcecode.c.h; path = TodayViewController.h; sourceTree = "<group>"; };
		9AA4BB5019E894C700CC45C8 /* TodayViewController.m */ = {isa = PBXFileReference; lastKnownFileType = sourcecode.c.objc; path = TodayViewController.m; sourceTree = "<group>"; };
		9AA4BB5D19E8958000CC45C8 /* MainInterface.storyboard */ = {isa = PBXFileReference; fileEncoding = 4; lastKnownFileType = file.storyboard; name = MainInterface.storyboard; path = "../../BitStore-iOS/BitStoreToday/MainInterface.storyboard"; sourceTree = "<group>"; };
		9AA4BB5F19E8969E00CC45C8 /* Images.xcassets */ = {isa = PBXFileReference; lastKnownFileType = folder.assetcatalog; path = Images.xcassets; sourceTree = "<group>"; };
		9AA4BB6219E8A14700CC45C8 /* SplashViewController.h */ = {isa = PBXFileReference; fileEncoding = 4; lastKnownFileType = sourcecode.c.h; path = SplashViewController.h; sourceTree = "<group>"; };
		9AA4BB6319E8A14700CC45C8 /* SplashViewController.m */ = {isa = PBXFileReference; fileEncoding = 4; lastKnownFileType = sourcecode.c.objc; path = SplashViewController.m; sourceTree = "<group>"; };
		9AA4BB6619E8A18800CC45C8 /* API.h */ = {isa = PBXFileReference; fileEncoding = 4; lastKnownFileType = sourcecode.c.h; path = API.h; sourceTree = "<group>"; };
		9AA4BB6719E8A18800CC45C8 /* API.m */ = {isa = PBXFileReference; fileEncoding = 4; lastKnownFileType = sourcecode.c.objc; path = API.m; sourceTree = "<group>"; };
		9AA4BB6919E8A3BB00CC45C8 /* ProfileView.h */ = {isa = PBXFileReference; fileEncoding = 4; lastKnownFileType = sourcecode.c.h; path = ProfileView.h; sourceTree = "<group>"; };
		9AA4BB6A19E8A3BB00CC45C8 /* ProfileView.m */ = {isa = PBXFileReference; fileEncoding = 4; lastKnownFileType = sourcecode.c.objc; path = ProfileView.m; sourceTree = "<group>"; };
		9AA4BB6C19E8ACB200CC45C8 /* HorizontalScroller.h */ = {isa = PBXFileReference; fileEncoding = 4; lastKnownFileType = sourcecode.c.h; path = HorizontalScroller.h; sourceTree = "<group>"; };
		9AA4BB6D19E8ACB200CC45C8 /* HorizontalScroller.m */ = {isa = PBXFileReference; fileEncoding = 4; lastKnownFileType = sourcecode.c.objc; path = HorizontalScroller.m; sourceTree = "<group>"; };
		9AA4BB7019E8B44400CC45C8 /* User.h */ = {isa = PBXFileReference; fileEncoding = 4; lastKnownFileType = sourcecode.c.h; path = User.h; sourceTree = "<group>"; };
		9AA4BB7119E8B44400CC45C8 /* User.m */ = {isa = PBXFileReference; fileEncoding = 4; lastKnownFileType = sourcecode.c.objc; path = User.m; sourceTree = "<group>"; };
		9AA4BB7319E8B4D100CC45C8 /* MainViewController.h */ = {isa = PBXFileReference; fileEncoding = 4; lastKnownFileType = sourcecode.c.h; path = MainViewController.h; sourceTree = "<group>"; };
		9AA4BB7419E8B4D100CC45C8 /* MainViewController.m */ = {isa = PBXFileReference; fileEncoding = 4; lastKnownFileType = sourcecode.c.objc; path = MainViewController.m; sourceTree = "<group>"; };
		9AA4BB7719E8B57900CC45C8 /* UserDefaults.h */ = {isa = PBXFileReference; fileEncoding = 4; lastKnownFileType = sourcecode.c.h; path = UserDefaults.h; sourceTree = "<group>"; };
		9AA4BB7819E8B57900CC45C8 /* UserDefaults.m */ = {isa = PBXFileReference; fileEncoding = 4; lastKnownFileType = sourcecode.c.objc; path = UserDefaults.m; sourceTree = "<group>"; };
		BDBF062B73B4443BB32A2D7C /* Pods.xcconfig */ = {isa = PBXFileReference; includeInIndex = 1; lastKnownFileType = text.xcconfig; name = Pods.xcconfig; path = Pods/Pods.xcconfig; sourceTree = "<group>"; };
/* End PBXFileReference section */

/* Begin PBXFrameworksBuildPhase section */
		9A73204C19E87299006E8B0C /* Frameworks */ = {
			isa = PBXFrameworksBuildPhase;
			buildActionMask = 2147483647;
			files = (
				C79789E5387642FBA3CD3774 /* libPods.a in Frameworks */,
			);
			runOnlyForDeploymentPostprocessing = 0;
		};
		9AA4BB4619E894C600CC45C8 /* Frameworks */ = {
			isa = PBXFrameworksBuildPhase;
			buildActionMask = 2147483647;
			files = (
				9AA4BB4B19E894C700CC45C8 /* NotificationCenter.framework in Frameworks */,
			);
			runOnlyForDeploymentPostprocessing = 0;
		};
/* End PBXFrameworksBuildPhase section */

/* Begin PBXGroup section */
		82C618A20F38451B8FD82E92 /* Frameworks */ = {
			isa = PBXGroup;
			children = (
				22201F5EB057418A8E6A8508 /* libPods.a */,
				9AA4BB4A19E894C700CC45C8 /* NotificationCenter.framework */,
			);
			name = Frameworks;
			sourceTree = "<group>";
		};
		9A73204619E87299006E8B0C = {
			isa = PBXGroup;
			children = (
				9A73205119E87299006E8B0C /* GeoTappy */,
				9AA4BB4C19E894C700CC45C8 /* GeoTappyToday */,
				9A73205019E87299006E8B0C /* Products */,
				BDBF062B73B4443BB32A2D7C /* Pods.xcconfig */,
				82C618A20F38451B8FD82E92 /* Frameworks */,
			);
			sourceTree = "<group>";
		};
		9A73205019E87299006E8B0C /* Products */ = {
			isa = PBXGroup;
			children = (
				9A73204F19E87299006E8B0C /* GeoTappy.app */,
				9AA4BB4919E894C600CC45C8 /* GeoTappyToday.appex */,
			);
			name = Products;
			sourceTree = "<group>";
		};
		9A73205119E87299006E8B0C /* GeoTappy */ = {
			isa = PBXGroup;
			children = (
				9AA4BB6519E8A16800CC45C8 /* Config */,
				9AA4BB6119E8A14700CC45C8 /* Controller */,
				9AA4BB6F19E8B43000CC45C8 /* Model */,
				9AA4BB7619E8B56000CC45C8 /* Utils */,
				9A73205619E87299006E8B0C /* AppDelegate.h */,
				9A73205719E87299006E8B0C /* AppDelegate.m */,
				9AA4BB4419E8891100CC45C8 /* GeoTappy-Prefix.pch */,
				9A73205F19E87299006E8B0C /* Images.xcassets */,
				9A73205219E87299006E8B0C /* Supporting Files */,
			);
			path = GeoTappy;
			sourceTree = "<group>";
		};
		9A73205219E87299006E8B0C /* Supporting Files */ = {
			isa = PBXGroup;
			children = (
				9A73205319E87299006E8B0C /* Info.plist */,
				9A73205419E87299006E8B0C /* main.m */,
			);
			name = "Supporting Files";
			sourceTree = "<group>";
		};
		9AA4BB4C19E894C700CC45C8 /* GeoTappyToday */ = {
			isa = PBXGroup;
			children = (
				9AA4BB6919E8A3BB00CC45C8 /* ProfileView.h */,
				9AA4BB6A19E8A3BB00CC45C8 /* ProfileView.m */,
				9AA4BB6C19E8ACB200CC45C8 /* HorizontalScroller.h */,
				9AA4BB6D19E8ACB200CC45C8 /* HorizontalScroller.m */,
				9AA4BB4F19E894C700CC45C8 /* TodayViewController.h */,
				9AA4BB5019E894C700CC45C8 /* TodayViewController.m */,
				9AA4BB5D19E8958000CC45C8 /* MainInterface.storyboard */,
				9AA4BB4D19E894C700CC45C8 /* Supporting Files */,
				9AA4BB5F19E8969E00CC45C8 /* Images.xcassets */,
			);
			path = GeoTappyToday;
			sourceTree = "<group>";
		};
		9AA4BB4D19E894C700CC45C8 /* Supporting Files */ = {
			isa = PBXGroup;
			children = (
				9AA4BB4E19E894C700CC45C8 /* Info.plist */,
			);
			name = "Supporting Files";
			sourceTree = "<group>";
		};
		9AA4BB6119E8A14700CC45C8 /* Controller */ = {
			isa = PBXGroup;
			children = (
				9AA4BB7319E8B4D100CC45C8 /* MainViewController.h */,
				9AA4BB7419E8B4D100CC45C8 /* MainViewController.m */,
				9AA4BB6219E8A14700CC45C8 /* SplashViewController.h */,
				9AA4BB6319E8A14700CC45C8 /* SplashViewController.m */,
			);
			path = Controller;
			sourceTree = "<group>";
		};
		9AA4BB6519E8A16800CC45C8 /* Config */ = {
			isa = PBXGroup;
			children = (
				9AA4BB6619E8A18800CC45C8 /* API.h */,
				9AA4BB6719E8A18800CC45C8 /* API.m */,
			);
			path = Config;
			sourceTree = "<group>";
		};
		9AA4BB6F19E8B43000CC45C8 /* Model */ = {
			isa = PBXGroup;
			children = (
				9AA4BB7019E8B44400CC45C8 /* User.h */,
				9AA4BB7119E8B44400CC45C8 /* User.m */,
			);
			path = Model;
			sourceTree = "<group>";
		};
		9AA4BB7619E8B56000CC45C8 /* Utils */ = {
			isa = PBXGroup;
			children = (
				9AA4BB7719E8B57900CC45C8 /* UserDefaults.h */,
				9AA4BB7819E8B57900CC45C8 /* UserDefaults.m */,
			);
			path = Utils;
			sourceTree = "<group>";
		};
/* End PBXGroup section */

/* Begin PBXNativeTarget section */
		9A73204E19E87299006E8B0C /* GeoTappy */ = {
			isa = PBXNativeTarget;
			buildConfigurationList = 9A73207219E87299006E8B0C /* Build configuration list for PBXNativeTarget "GeoTappy" */;
			buildPhases = (
				88D8F83F5F734546B143481F /* Check Pods Manifest.lock */,
				9A73204B19E87299006E8B0C /* Sources */,
				9A73204C19E87299006E8B0C /* Frameworks */,
				9A73204D19E87299006E8B0C /* Resources */,
				EC425289109A458C9A45479A /* Copy Pods Resources */,
				9AA4BB5C19E894C700CC45C8 /* Embed App Extensions */,
			);
			buildRules = (
			);
			dependencies = (
				9AA4BB5519E894C700CC45C8 /* PBXTargetDependency */,
				9AA4BB5819E894C700CC45C8 /* PBXTargetDependency */,
			);
			name = GeoTappy;
			productName = GeoTappy;
			productReference = 9A73204F19E87299006E8B0C /* GeoTappy.app */;
			productType = "com.apple.product-type.application";
		};
		9AA4BB4819E894C600CC45C8 /* GeoTappyToday */ = {
			isa = PBXNativeTarget;
			buildConfigurationList = 9AA4BB5919E894C700CC45C8 /* Build configuration list for PBXNativeTarget "GeoTappyToday" */;
			buildPhases = (
				9AA4BB4519E894C600CC45C8 /* Sources */,
				9AA4BB4619E894C600CC45C8 /* Frameworks */,
				9AA4BB4719E894C600CC45C8 /* Resources */,
			);
			buildRules = (
			);
			dependencies = (
			);
			name = GeoTappyToday;
			productName = GeoTappyToday;
			productReference = 9AA4BB4919E894C600CC45C8 /* GeoTappyToday.appex */;
			productType = "com.apple.product-type.app-extension";
		};
/* End PBXNativeTarget section */

/* Begin PBXProject section */
		9A73204719E87299006E8B0C /* Project object */ = {
			isa = PBXProject;
			attributes = {
				LastUpgradeCheck = 0600;
				ORGANIZATIONNAME = "Dylan Marriott";
				TargetAttributes = {
					9A73204E19E87299006E8B0C = {
						CreatedOnToolsVersion = 6.0.1;
					};
					9AA4BB4819E894C600CC45C8 = {
						CreatedOnToolsVersion = 6.0.1;
					};
				};
			};
			buildConfigurationList = 9A73204A19E87299006E8B0C /* Build configuration list for PBXProject "GeoTappy" */;
			compatibilityVersion = "Xcode 3.2";
			developmentRegion = English;
			hasScannedForEncodings = 0;
			knownRegions = (
				en,
				Base,
			);
			mainGroup = 9A73204619E87299006E8B0C;
			productRefGroup = 9A73205019E87299006E8B0C /* Products */;
			projectDirPath = "";
			projectRoot = "";
			targets = (
				9A73204E19E87299006E8B0C /* GeoTappy */,
				9AA4BB4819E894C600CC45C8 /* GeoTappyToday */,
			);
		};
/* End PBXProject section */

/* Begin PBXResourcesBuildPhase section */
		9A73204D19E87299006E8B0C /* Resources */ = {
			isa = PBXResourcesBuildPhase;
			buildActionMask = 2147483647;
			files = (
				9A73206019E87299006E8B0C /* Images.xcassets in Resources */,
			);
			runOnlyForDeploymentPostprocessing = 0;
		};
		9AA4BB4719E894C600CC45C8 /* Resources */ = {
			isa = PBXResourcesBuildPhase;
			buildActionMask = 2147483647;
			files = (
				9AA4BB5E19E8958000CC45C8 /* MainInterface.storyboard in Resources */,
				9AA4BB6019E8969E00CC45C8 /* Images.xcassets in Resources */,
			);
			runOnlyForDeploymentPostprocessing = 0;
		};
/* End PBXResourcesBuildPhase section */

/* Begin PBXShellScriptBuildPhase section */
		88D8F83F5F734546B143481F /* Check Pods Manifest.lock */ = {
			isa = PBXShellScriptBuildPhase;
			buildActionMask = 2147483647;
			files = (
			);
			inputPaths = (
			);
			name = "Check Pods Manifest.lock";
			outputPaths = (
			);
			runOnlyForDeploymentPostprocessing = 0;
			shellPath = /bin/sh;
			shellScript = "diff \"${PODS_ROOT}/../Podfile.lock\" \"${PODS_ROOT}/Manifest.lock\" > /dev/null\nif [[ $? != 0 ]] ; then\n    cat << EOM\nerror: The sandbox is not in sync with the Podfile.lock. Run 'pod install' or update your CocoaPods installation.\nEOM\n    exit 1\nfi\n";
			showEnvVarsInLog = 0;
		};
		EC425289109A458C9A45479A /* Copy Pods Resources */ = {
			isa = PBXShellScriptBuildPhase;
			buildActionMask = 2147483647;
			files = (
			);
			inputPaths = (
			);
			name = "Copy Pods Resources";
			outputPaths = (
			);
			runOnlyForDeploymentPostprocessing = 0;
			shellPath = /bin/sh;
			shellScript = "\"${SRCROOT}/Pods/Pods-resources.sh\"\n";
			showEnvVarsInLog = 0;
		};
/* End PBXShellScriptBuildPhase section */

/* Begin PBXSourcesBuildPhase section */
		9A73204B19E87299006E8B0C /* Sources */ = {
			isa = PBXSourcesBuildPhase;
			buildActionMask = 2147483647;
			files = (
				9AA4BB7219E8B44400CC45C8 /* User.m in Sources */,
				9AA4BB7519E8B4D100CC45C8 /* MainViewController.m in Sources */,
				9A73205819E87299006E8B0C /* AppDelegate.m in Sources */,
				9A73205519E87299006E8B0C /* main.m in Sources */,
				9AA4BB6819E8A18800CC45C8 /* API.m in Sources */,
				9AA4BB6419E8A14700CC45C8 /* SplashViewController.m in Sources */,
				9AA4BB7919E8B57900CC45C8 /* UserDefaults.m in Sources */,
			);
			runOnlyForDeploymentPostprocessing = 0;
		};
		9AA4BB4519E894C600CC45C8 /* Sources */ = {
			isa = PBXSourcesBuildPhase;
			buildActionMask = 2147483647;
			files = (
				9AA4BB7B19E915C000CC45C8 /* User.m in Sources */,
				9AA4BB7A19E915BA00CC45C8 /* UserDefaults.m in Sources */,
				9AA4BB6B19E8A3BB00CC45C8 /* ProfileView.m in Sources */,
				9AA4BB5119E894C700CC45C8 /* TodayViewController.m in Sources */,
				9AA4BB6E19E8ACB200CC45C8 /* HorizontalScroller.m in Sources */,
			);
			runOnlyForDeploymentPostprocessing = 0;
		};
/* End PBXSourcesBuildPhase section */

/* Begin PBXTargetDependency section */
		9AA4BB5519E894C700CC45C8 /* PBXTargetDependency */ = {
			isa = PBXTargetDependency;
			target = 9AA4BB4819E894C600CC45C8 /* GeoTappyToday */;
			targetProxy = 9AA4BB5419E894C700CC45C8 /* PBXContainerItemProxy */;
		};
		9AA4BB5819E894C700CC45C8 /* PBXTargetDependency */ = {
			isa = PBXTargetDependency;
			target = 9AA4BB4819E894C600CC45C8 /* GeoTappyToday */;
			targetProxy = 9AA4BB5719E894C700CC45C8 /* PBXContainerItemProxy */;
		};
/* End PBXTargetDependency section */

/* Begin XCBuildConfiguration section */
		9A73207019E87299006E8B0C /* Debug */ = {
			isa = XCBuildConfiguration;
			buildSettings = {
				ALWAYS_SEARCH_USER_PATHS = NO;
				CLANG_CXX_LANGUAGE_STANDARD = "gnu++0x";
				CLANG_CXX_LIBRARY = "libc++";
				CLANG_ENABLE_MODULES = YES;
				CLANG_ENABLE_OBJC_ARC = YES;
				CLANG_WARN_BOOL_CONVERSION = YES;
				CLANG_WARN_CONSTANT_CONVERSION = YES;
				CLANG_WARN_DIRECT_OBJC_ISA_USAGE = YES_ERROR;
				CLANG_WARN_EMPTY_BODY = YES;
				CLANG_WARN_ENUM_CONVERSION = YES;
				CLANG_WARN_INT_CONVERSION = YES;
				CLANG_WARN_OBJC_ROOT_CLASS = YES_ERROR;
				CLANG_WARN_UNREACHABLE_CODE = YES;
				CLANG_WARN__DUPLICATE_METHOD_MATCH = YES;
				"CODE_SIGN_IDENTITY[sdk=iphoneos*]" = "iPhone Developer";
				COPY_PHASE_STRIP = NO;
				ENABLE_STRICT_OBJC_MSGSEND = YES;
				GCC_C_LANGUAGE_STANDARD = gnu99;
				GCC_DYNAMIC_NO_PIC = NO;
				GCC_OPTIMIZATION_LEVEL = 0;
				GCC_PREFIX_HEADER = "GeoTappy/GeoTappy-Prefix.pch";
				GCC_PREPROCESSOR_DEFINITIONS = (
					"DEBUG=1",
					"$(inherited)",
				);
				GCC_SYMBOLS_PRIVATE_EXTERN = NO;
				GCC_WARN_64_TO_32_BIT_CONVERSION = YES;
				GCC_WARN_ABOUT_RETURN_TYPE = YES_ERROR;
				GCC_WARN_UNDECLARED_SELECTOR = YES;
				GCC_WARN_UNINITIALIZED_AUTOS = YES_AGGRESSIVE;
				GCC_WARN_UNUSED_FUNCTION = YES;
				GCC_WARN_UNUSED_VARIABLE = YES;
				IPHONEOS_DEPLOYMENT_TARGET = 8.0;
				MTL_ENABLE_DEBUG_INFO = YES;
				ONLY_ACTIVE_ARCH = YES;
				SDKROOT = iphoneos;
			};
			name = Debug;
		};
		9A73207119E87299006E8B0C /* Release */ = {
			isa = XCBuildConfiguration;
			buildSettings = {
				ALWAYS_SEARCH_USER_PATHS = NO;
				CLANG_CXX_LANGUAGE_STANDARD = "gnu++0x";
				CLANG_CXX_LIBRARY = "libc++";
				CLANG_ENABLE_MODULES = YES;
				CLANG_ENABLE_OBJC_ARC = YES;
				CLANG_WARN_BOOL_CONVERSION = YES;
				CLANG_WARN_CONSTANT_CONVERSION = YES;
				CLANG_WARN_DIRECT_OBJC_ISA_USAGE = YES_ERROR;
				CLANG_WARN_EMPTY_BODY = YES;
				CLANG_WARN_ENUM_CONVERSION = YES;
				CLANG_WARN_INT_CONVERSION = YES;
				CLANG_WARN_OBJC_ROOT_CLASS = YES_ERROR;
				CLANG_WARN_UNREACHABLE_CODE = YES;
				CLANG_WARN__DUPLICATE_METHOD_MATCH = YES;
				"CODE_SIGN_IDENTITY[sdk=iphoneos*]" = "iPhone Developer";
				COPY_PHASE_STRIP = YES;
				ENABLE_NS_ASSERTIONS = NO;
				ENABLE_STRICT_OBJC_MSGSEND = YES;
				GCC_C_LANGUAGE_STANDARD = gnu99;
				GCC_PREFIX_HEADER = "GeoTappy/GeoTappy-Prefix.pch";
				GCC_WARN_64_TO_32_BIT_CONVERSION = YES;
				GCC_WARN_ABOUT_RETURN_TYPE = YES_ERROR;
				GCC_WARN_UNDECLARED_SELECTOR = YES;
				GCC_WARN_UNINITIALIZED_AUTOS = YES_AGGRESSIVE;
				GCC_WARN_UNUSED_FUNCTION = YES;
				GCC_WARN_UNUSED_VARIABLE = YES;
				IPHONEOS_DEPLOYMENT_TARGET = 8.0;
				MTL_ENABLE_DEBUG_INFO = NO;
				SDKROOT = iphoneos;
				VALIDATE_PRODUCT = YES;
			};
			name = Release;
		};
		9A73207319E87299006E8B0C /* Debug */ = {
			isa = XCBuildConfiguration;
			baseConfigurationReference = BDBF062B73B4443BB32A2D7C /* Pods.xcconfig */;
			buildSettings = {
				ASSETCATALOG_COMPILER_APPICON_NAME = AppIcon;
				INFOPLIST_FILE = GeoTappy/Info.plist;
				LD_RUNPATH_SEARCH_PATHS = "$(inherited) @executable_path/Frameworks";
				PRODUCT_NAME = "$(TARGET_NAME)";
			};
			name = Debug;
		};
		9A73207419E87299006E8B0C /* Release */ = {
			isa = XCBuildConfiguration;
			baseConfigurationReference = BDBF062B73B4443BB32A2D7C /* Pods.xcconfig */;
			buildSettings = {
				ASSETCATALOG_COMPILER_APPICON_NAME = AppIcon;
				INFOPLIST_FILE = GeoTappy/Info.plist;
				LD_RUNPATH_SEARCH_PATHS = "$(inherited) @executable_path/Frameworks";
				PRODUCT_NAME = "$(TARGET_NAME)";
			};
			name = Release;
		};
		9AA4BB5A19E894C700CC45C8 /* Debug */ = {
			isa = XCBuildConfiguration;
			buildSettings = {
				GCC_PREPROCESSOR_DEFINITIONS = (
					"DEBUG=1",
					"$(inherited)",
				);
				INFOPLIST_FILE = GeoTappyToday/Info.plist;
				LD_RUNPATH_SEARCH_PATHS = "$(inherited) @executable_path/Frameworks @executable_path/../../Frameworks";
				PRODUCT_NAME = "$(TARGET_NAME)";
				SKIP_INSTALL = YES;
			};
			name = Debug;
		};
		9AA4BB5B19E894C700CC45C8 /* Release */ = {
			isa = XCBuildConfiguration;
			buildSettings = {
				INFOPLIST_FILE = GeoTappyToday/Info.plist;
				LD_RUNPATH_SEARCH_PATHS = "$(inherited) @executable_path/Frameworks @executable_path/../../Frameworks";
				PRODUCT_NAME = "$(TARGET_NAME)";
				SKIP_INSTALL = YES;
			};
			name = Release;
		};
/* End XCBuildConfiguration section */

/* Begin XCConfigurationList section */
		9A73204A19E87299006E8B0C /* Build configuration list for PBXProject "GeoTappy" */ = {
			isa = XCConfigurationList;
			buildConfigurations = (
				9A73207019E87299006E8B0C /* Debug */,
				9A73207119E87299006E8B0C /* Release */,
			);
			defaultConfigurationIsVisible = 0;
			defaultConfigurationName = Release;
		};
		9A73207219E87299006E8B0C /* Build configuration list for PBXNativeTarget "GeoTappy" */ = {
			isa = XCConfigurationList;
			buildConfigurations = (
				9A73207319E87299006E8B0C /* Debug */,
				9A73207419E87299006E8B0C /* Release */,
			);
			defaultConfigurationIsVisible = 0;
			defaultConfigurationName = Release;
		};
		9AA4BB5919E894C700CC45C8 /* Build configuration list for PBXNativeTarget "GeoTappyToday" */ = {
			isa = XCConfigurationList;
			buildConfigurations = (
				9AA4BB5A19E894C700CC45C8 /* Debug */,
				9AA4BB5B19E894C700CC45C8 /* Release */,
			);
			defaultConfigurationIsVisible = 0;
		};
/* End XCConfigurationList section */
	};
	rootObject = 9A73204719E87299006E8B0C /* Project object */;
}
