<?xml version="1.0" encoding="UTF-8"?>
<Scheme
   LastUpgradeVersion = "0600"
   wasCreatedForAppExtension = "YES"
   version = "1.8">
   <BuildAction
      parallelizeBuildables = "YES"
      buildImplicitDependencies = "YES">
      <BuildActionEntries>
         <BuildActionEntry
            buildForTesting = "YES"
            buildForRunning = "YES"
            buildForProfiling = "YES"
            buildForArchiving = "YES"
            buildForAnalyzing = "YES">
            <BuildableReference
               BuildableIdentifier = "primary"
               BlueprintIdentifier = "9AA4BB4819E894C600CC45C8"
               BuildableName = "GeoTappyToday.appex"
               BlueprintName = "GeoTappyToday"
               ReferencedContainer = "container:GeoTappy.xcodeproj">
            </BuildableReference>
         </BuildActionEntry>
         <BuildActionEntry
            buildForTesting = "YES"
            buildForRunning = "YES"
            buildForProfiling = "YES"
            buildForArchiving = "YES"
            buildForAnalyzing = "YES">
            <BuildableReference
               BuildableIdentifier = "primary"
               BlueprintIdentifier = "9A73204E19E87299006E8B0C"
               BuildableName = "GeoTappy.app"
               BlueprintName = "GeoTappy"
               ReferencedContainer = "container:GeoTappy.xcodeproj">
            </BuildableReference>
         </BuildActionEntry>
      </BuildActionEntries>
   </BuildAction>
   <TestAction
      selectedDebuggerIdentifier = "Xcode.DebuggerFoundation.Debugger.LLDB"
      selectedLauncherIdentifier = "Xcode.DebuggerFoundation.Launcher.LLDB"
      shouldUseLaunchSchemeArgsEnv = "YES"
      buildConfiguration = "Debug">
      <Testables>
      </Testables>
      <MacroExpansion>
         <BuildableReference
            BuildableIdentifier = "primary"
            BlueprintIdentifier = "9AA4BB4819E894C600CC45C8"
            BuildableName = "GeoTappyToday.appex"
            BlueprintName = "GeoTappyToday"
            ReferencedContainer = "container:GeoTappy.xcodeproj">
         </BuildableReference>
      </MacroExpansion>
   </TestAction>
   <LaunchAction
      selectedDebuggerIdentifier = ""
      selectedLauncherIdentifier = "Xcode.IDEFoundation.Launcher.PosixSpawn"
      launchStyle = "0"
      askForAppToLaunch = "Yes"
      useCustomWorkingDirectory = "NO"
      buildConfiguration = "Debug"
      ignoresPersistentStateOnLaunch = "NO"
      debugDocumentVersioning = "YES"
      allowLocationSimulation = "YES">
      <MacroExpansion>
         <BuildableReference
            BuildableIdentifier = "primary"
            BlueprintIdentifier = "9A73204E19E87299006E8B0C"
            BuildableName = "GeoTappy.app"
            BlueprintName = "GeoTappy"
            ReferencedContainer = "container:GeoTappy.xcodeproj">
         </BuildableReference>
      </MacroExpansion>
      <AdditionalOptions>
         <AdditionalOption
            key = "DYLD_INSERT_LIBRARIES"
            value = "/usr/lib/libgmalloc.dylib"
            isEnabled = "YES">
         </AdditionalOption>
         <AdditionalOption
            key = "NSZombieEnabled"
            value = "YES"
            isEnabled = "YES">
         </AdditionalOption>
      </AdditionalOptions>
      <IDERemoteRunnable
         RemotePath = "/Today-View"
         BundleIdentifier = "/Today-View">
      </IDERemoteRunnable>
      <IDERemoteRunnable
         RemotePath = "/Today-View"
         BundleIdentifier = "/Today-View">
      </IDERemoteRunnable>
   </LaunchAction>
   <ProfileAction
      shouldUseLaunchSchemeArgsEnv = "YES"
      savedToolIdentifier = ""
      useCustomWorkingDirectory = "NO"
      buildConfiguration = "Release"
      debugDocumentVersioning = "YES"
      askForAppToLaunch = "Yes">
      <BuildableProductRunnable>
         <BuildableReference
            BuildableIdentifier = "primary"
            BlueprintIdentifier = "9A73204E19E87299006E8B0C"
            BuildableName = "GeoTappy.app"
            BlueprintName = "GeoTappy"
            ReferencedContainer = "container:GeoTappy.xcodeproj">
         </BuildableReference>
      </BuildableProductRunnable>
   </ProfileAction>
   <AnalyzeAction
      buildConfiguration = "Debug">
   </AnalyzeAction>
   <ArchiveAction
      buildConfiguration = "Release"
      revealArchiveInOrganizer = "YES">
   </ArchiveAction>
</Scheme>
